
Microsoft Visual Studio Solution File, Format Version 12.00
# Visual Studio Version 16
VisualStudioVersion = 16.0.29025.244
MinimumVisualStudioVersion = 10.0.40219.1
Project("{9A19103F-16F7-4668-BE54-9A1E7A4F7556}") = "Aspose.HTML-Cloud", "Aspose.HTML-Cloud\Aspose.HTML-Cloud.csproj", "{A84ACA3A-E035-49FD-BCC0-216186D2436D}"
EndProject
Project("{9A19103F-16F7-4668-BE54-9A1E7A4F7556}") = "Aspose.HTML.Cloud.SDK.Examples", "Aspose.HTML.Cloud.SDK.Examples\Aspose.HTML.Cloud.SDK.Examples.csproj", "{8003F09B-D2D8-4C14-A1D8-07E4463C3E2E}"
EndProject
Project("{9A19103F-16F7-4668-BE54-9A1E7A4F7556}") = "Aspose.HTML.Cloud.Sdk.Tests", "Aspose.HTML.Cloud.Sdk.Tests\Aspose.HTML.Cloud.Sdk.Tests.csproj", "{BB1069A8-29E0-4709-86AB-FC9CD9CE97F5}"
EndProject
Project("{9A19103F-16F7-4668-BE54-9A1E7A4F7556}") = "Aspose.HTML.Cloud.Sdk.PackageTests", "Aspose.HTML.Cloud.Sdk.PackageTests\Aspose.HTML.Cloud.Sdk.PackageTests.csproj", "{C08F9CC3-734F-483E-9A79-AE5C4C4D0E1F}"
EndProject
Global
	GlobalSection(SolutionConfigurationPlatforms) = preSolution
		Debug|Any CPU = Debug|Any CPU
		Release|Any CPU = Release|Any CPU
	EndGlobalSection
	GlobalSection(ProjectConfigurationPlatforms) = postSolution
		{A84ACA3A-E035-49FD-BCC0-216186D2436D}.Debug|Any CPU.ActiveCfg = Debug|Any CPU
		{A84ACA3A-E035-49FD-BCC0-216186D2436D}.Debug|Any CPU.Build.0 = Debug|Any CPU
		{A84ACA3A-E035-49FD-BCC0-216186D2436D}.Release|Any CPU.ActiveCfg = Release|Any CPU
		{A84ACA3A-E035-49FD-BCC0-216186D2436D}.Release|Any CPU.Build.0 = Release|Any CPU
		{8003F09B-D2D8-4C14-A1D8-07E4463C3E2E}.Debug|Any CPU.ActiveCfg = Debug|Any CPU
		{8003F09B-D2D8-4C14-A1D8-07E4463C3E2E}.Debug|Any CPU.Build.0 = Debug|Any CPU
		{8003F09B-D2D8-4C14-A1D8-07E4463C3E2E}.Release|Any CPU.ActiveCfg = Release|Any CPU
		{8003F09B-D2D8-4C14-A1D8-07E4463C3E2E}.Release|Any CPU.Build.0 = Release|Any CPU
		{BB1069A8-29E0-4709-86AB-FC9CD9CE97F5}.Debug|Any CPU.ActiveCfg = Debug|Any CPU
		{BB1069A8-29E0-4709-86AB-FC9CD9CE97F5}.Debug|Any CPU.Build.0 = Debug|Any CPU
		{BB1069A8-29E0-4709-86AB-FC9CD9CE97F5}.Release|Any CPU.ActiveCfg = Release|Any CPU
		{BB1069A8-29E0-4709-86AB-FC9CD9CE97F5}.Release|Any CPU.Build.0 = Release|Any CPU
		{C08F9CC3-734F-483E-9A79-AE5C4C4D0E1F}.Debug|Any CPU.ActiveCfg = Debug|Any CPU
		{C08F9CC3-734F-483E-9A79-AE5C4C4D0E1F}.Debug|Any CPU.Build.0 = Debug|Any CPU
		{C08F9CC3-734F-483E-9A79-AE5C4C4D0E1F}.Release|Any CPU.ActiveCfg = Release|Any CPU
		{C08F9CC3-734F-483E-9A79-AE5C4C4D0E1F}.Release|Any CPU.Build.0 = Release|Any CPU
	EndGlobalSection
	GlobalSection(SolutionProperties) = preSolution
		HideSolutionNode = FALSE
	EndGlobalSection
	GlobalSection(ExtensibilityGlobals) = postSolution
		SolutionGuid = {4EDF8461-782F-4EB2-A195-125D723B9D2F}
	EndGlobalSection
EndGlobal
